
Microsoft Visual Studio Solution File, Format Version 12.00
Project("{FAE04EC0-301F-11D3-BF4B-00C04F79EFBC}") = "SmartHome", "SmartHome\SmartHome.csproj", "{63ABA581-506F-4D4C-AB57-E845F51D84BA}"
EndProject
Global
	GlobalSection(SolutionConfigurationPlatforms) = preSolution
		Debug|Any CPU = Debug|Any CPU
		Release|Any CPU = Release|Any CPU
	EndGlobalSection
	GlobalSection(ProjectConfigurationPlatforms) = postSolution
		{63ABA581-506F-4D4C-AB57-E845F51D84BA}.Debug|Any CPU.ActiveCfg = Debug|Any CPU
		{63ABA581-506F-4D4C-AB57-E845F51D84BA}.Debug|Any CPU.Build.0 = Debug|Any CPU
		{63ABA581-506F-4D4C-AB57-E845F51D84BA}.Release|Any CPU.ActiveCfg = Release|Any CPU
		{63ABA581-506F-4D4C-AB57-E845F51D84BA}.Release|Any CPU.Build.0 = Release|Any CPU
	EndGlobalSection
EndGlobal
